
Microsoft Visual Studio Solution File, Format Version 12.00
# Visual Studio 15
VisualStudioVersion = 15.0.28307.421
MinimumVisualStudioVersion = 10.0.40219.1
Project("{8BC9CEB8-8B4A-11D0-8D11-00A0C91BC942}") = "CMorris_COMP340_Project1", "CMorris_COMP340_Project1\CMorris_COMP340_Project1.vcxproj", "{C8B90D5D-1A07-477E-A90C-5DBD322AA592}"
EndProject
Global
	GlobalSection(SolutionConfigurationPlatforms) = preSolution
		Debug|x64 = Debug|x64
		Debug|x86 = Debug|x86
		Release|x64 = Release|x64
		Release|x86 = Release|x86
	EndGlobalSection
	GlobalSection(ProjectConfigurationPlatforms) = postSolution
		{C8B90D5D-1A07-477E-A90C-5DBD322AA592}.Debug|x64.ActiveCfg = Debug|x64
		{C8B90D5D-1A07-477E-A90C-5DBD322AA592}.Debug|x64.Build.0 = Debug|x64
		{C8B90D5D-1A07-477E-A90C-5DBD322AA592}.Debug|x86.ActiveCfg = Debug|Win32
		{C8B90D5D-1A07-477E-A90C-5DBD322AA592}.Debug|x86.Build.0 = Debug|Win32
		{C8B90D5D-1A07-477E-A90C-5DBD322AA592}.Release|x64.ActiveCfg = Release|x64
		{C8B90D5D-1A07-477E-A90C-5DBD322AA592}.Release|x64.Build.0 = Release|x64
		{C8B90D5D-1A07-477E-A90C-5DBD322AA592}.Release|x86.ActiveCfg = Release|Win32
		{C8B90D5D-1A07-477E-A90C-5DBD322AA592}.Release|x86.Build.0 = Release|Win32
	EndGlobalSection
	GlobalSection(SolutionProperties) = preSolution
		HideSolutionNode = FALSE
	EndGlobalSection
	GlobalSection(ExtensibilityGlobals) = postSolution
		SolutionGuid = {34D8C290-91B8-4FC5-9C73-4CAB40666A0E}
	EndGlobalSection
EndGlobal
